// !$*UTF8*$!
{
	archiveVersion = 1;
	classes = {
	};
	objectVersion = 46;
	objects = {

/* Begin PBXBuildFile section */
		DE12AF2C207F55BD008841AB /* AppDelegate.swift in Sources */ = {isa = PBXBuildFile; fileRef = DE12AF2B207F55BD008841AB /* AppDelegate.swift */; };
		DE12AF2E207F55BD008841AB /* ViewController.swift in Sources */ = {isa = PBXBuildFile; fileRef = DE12AF2D207F55BD008841AB /* ViewController.swift */; };
		DE12AF31207F55BD008841AB /* Main.storyboard in Resources */ = {isa = PBXBuildFile; fileRef = DE12AF2F207F55BD008841AB /* Main.storyboard */; };
		DE12AF33207F55BD008841AB /* Assets.xcassets in Resources */ = {isa = PBXBuildFile; fileRef = DE12AF32207F55BD008841AB /* Assets.xcassets */; };
		DE12AF36207F55BD008841AB /* LaunchScreen.storyboard in Resources */ = {isa = PBXBuildFile; fileRef = DE12AF34207F55BD008841AB /* LaunchScreen.storyboard */; };
		DE12AF3E207F577F008841AB /* Extensions.swift in Sources */ = {isa = PBXBuildFile; fileRef = DE12AF3D207F577F008841AB /* Extensions.swift */; };
		DE12AF44207F5EAE008841AB /* drink.xcdatamodeld in Sources */ = {isa = PBXBuildFile; fileRef = DE12AF42207F5EAE008841AB /* drink.xcdatamodeld */; };
		F3C307E6FC20338F05B4A93E /* Pods_drink.framework in Frameworks */ = {isa = PBXBuildFile; fileRef = B7AB57C46BC1C3234B0A2BA6 /* Pods_drink.framework */; };
/* End PBXBuildFile section */

/* Begin PBXFileReference section */
		81A545965E9487EA23AA9B8D /* Pods-drink.debug.xcconfig */ = {isa = PBXFileReference; includeInIndex = 1; lastKnownFileType = text.xcconfig; name = "Pods-drink.debug.xcconfig"; path = "Pods/Target Support Files/Pods-drink/Pods-drink.debug.xcconfig"; sourceTree = "<group>"; };
		B7AB57C46BC1C3234B0A2BA6 /* Pods_drink.framework */ = {isa = PBXFileReference; explicitFileType = wrapper.framework; includeInIndex = 0; path = Pods_drink.framework; sourceTree = BUILT_PRODUCTS_DIR; };
		DE12AF28207F55BD008841AB /* drink.app */ = {isa = PBXFileReference; explicitFileType = wrapper.application; includeInIndex = 0; path = drink.app; sourceTree = BUILT_PRODUCTS_DIR; };
		DE12AF2B207F55BD008841AB /* AppDelegate.swift */ = {isa = PBXFileReference; lastKnownFileType = sourcecode.swift; path = AppDelegate.swift; sourceTree = "<group>"; };
		DE12AF2D207F55BD008841AB /* ViewController.swift */ = {isa = PBXFileReference; lastKnownFileType = sourcecode.swift; path = ViewController.swift; sourceTree = "<group>"; xcLanguageSpecificationIdentifier = xcode.lang.swift; };
		DE12AF30207F55BD008841AB /* Base */ = {isa = PBXFileReference; lastKnownFileType = file.storyboard; name = Base; path = Base.lproj/Main.storyboard; sourceTree = "<group>"; };
		DE12AF32207F55BD008841AB /* Assets.xcassets */ = {isa = PBXFileReference; lastKnownFileType = folder.assetcatalog; path = Assets.xcassets; sourceTree = "<group>"; };
		DE12AF35207F55BD008841AB /* Base */ = {isa = PBXFileReference; lastKnownFileType = file.storyboard; name = Base; path = Base.lproj/LaunchScreen.storyboard; sourceTree = "<group>"; };
		DE12AF37207F55BD008841AB /* Info.plist */ = {isa = PBXFileReference; lastKnownFileType = text.plist.xml; path = Info.plist; sourceTree = "<group>"; };
		DE12AF3D207F577F008841AB /* Extensions.swift */ = {isa = PBXFileReference; fileEncoding = 4; lastKnownFileType = sourcecode.swift; path = Extensions.swift; sourceTree = "<group>"; };
		DE12AF43207F5EAE008841AB /* drink.xcdatamodel */ = {isa = PBXFileReference; lastKnownFileType = wrapper.xcdatamodel; path = drink.xcdatamodel; sourceTree = "<group>"; };
		ECE2F36F2702447C850BF405 /* Pods-drink.release.xcconfig */ = {isa = PBXFileReference; includeInIndex = 1; lastKnownFileType = text.xcconfig; name = "Pods-drink.release.xcconfig"; path = "Pods/Target Support Files/Pods-drink/Pods-drink.release.xcconfig"; sourceTree = "<group>"; };
/* End PBXFileReference section */

/* Begin PBXFrameworksBuildPhase section */
		DE12AF25207F55BC008841AB /* Frameworks */ = {
			isa = PBXFrameworksBuildPhase;
			buildActionMask = 2147483647;
			files = (
				F3C307E6FC20338F05B4A93E /* Pods_drink.framework in Frameworks */,
			);
			runOnlyForDeploymentPostprocessing = 0;
		};
/* End PBXFrameworksBuildPhase section */

/* Begin PBXGroup section */
		893AC4A70134FF6D220771DF /* Frameworks */ = {
			isa = PBXGroup;
			children = (
				B7AB57C46BC1C3234B0A2BA6 /* Pods_drink.framework */,
			);
			name = Frameworks;
			sourceTree = "<group>";
		};
		BE9AE3A456C71372E768344C /* Pods */ = {
			isa = PBXGroup;
			children = (
				81A545965E9487EA23AA9B8D /* Pods-drink.debug.xcconfig */,
				ECE2F36F2702447C850BF405 /* Pods-drink.release.xcconfig */,
			);
			name = Pods;
			sourceTree = "<group>";
		};
		DE12AF1F207F55BC008841AB = {
			isa = PBXGroup;
			children = (
				DE12AF2A207F55BD008841AB /* drink */,
				DE12AF29207F55BD008841AB /* Products */,
				BE9AE3A456C71372E768344C /* Pods */,
				893AC4A70134FF6D220771DF /* Frameworks */,
			);
			sourceTree = "<group>";
		};
		DE12AF29207F55BD008841AB /* Products */ = {
			isa = PBXGroup;
			children = (
				DE12AF28207F55BD008841AB /* drink.app */,
			);
			name = Products;
			sourceTree = "<group>";
		};
		DE12AF2A207F55BD008841AB /* drink */ = {
			isa = PBXGroup;
			children = (
				DE12AF2B207F55BD008841AB /* AppDelegate.swift */,
				DE12AF2D207F55BD008841AB /* ViewController.swift */,
				DE12AF2F207F55BD008841AB /* Main.storyboard */,
				DE12AF32207F55BD008841AB /* Assets.xcassets */,
				DE12AF34207F55BD008841AB /* LaunchScreen.storyboard */,
				DE12AF37207F55BD008841AB /* Info.plist */,
				DE12AF3D207F577F008841AB /* Extensions.swift */,
				DE12AF42207F5EAE008841AB /* drink.xcdatamodeld */,
			);
			path = drink;
			sourceTree = "<group>";
		};
/* End PBXGroup section */

/* Begin PBXNativeTarget section */
		DE12AF27207F55BC008841AB /* drink */ = {
			isa = PBXNativeTarget;
			buildConfigurationList = DE12AF3A207F55BD008841AB /* Build configuration list for PBXNativeTarget "drink" */;
			buildPhases = (
				A0135175A39A7D1B11EC423E /* [CP] Check Pods Manifest.lock */,
				DE12AF24207F55BC008841AB /* Sources */,
				DE12AF25207F55BC008841AB /* Frameworks */,
				DE12AF26207F55BC008841AB /* Resources */,
				DA5BFD0E0E1A56C28BD084CF /* [CP] Embed Pods Frameworks */,
				251A2A0512DA9FBF7C73B756 /* [CP] Copy Pods Resources */,
			);
			buildRules = (
			);
			dependencies = (
			);
			name = drink;
			productName = drink;
			productReference = DE12AF28207F55BD008841AB /* drink.app */;
			productType = "com.apple.product-type.application";
		};
/* End PBXNativeTarget section */

/* Begin PBXProject section */
		DE12AF20207F55BC008841AB /* Project object */ = {
			isa = PBXProject;
			attributes = {
				LastSwiftUpdateCheck = 0810;
				LastUpgradeCheck = 0810;
				ORGANIZATIONNAME = YunwenWang;
				TargetAttributes = {
					DE12AF27207F55BC008841AB = {
						CreatedOnToolsVersion = 8.1;
						DevelopmentTeam = 7JXNRRJB37;
						ProvisioningStyle = Automatic;
					};
				};
			};
			buildConfigurationList = DE12AF23207F55BC008841AB /* Build configuration list for PBXProject "drink" */;
			compatibilityVersion = "Xcode 3.2";
			developmentRegion = English;
			hasScannedForEncodings = 0;
			knownRegions = (
				en,
				Base,
			);
			mainGroup = DE12AF1F207F55BC008841AB;
			productRefGroup = DE12AF29207F55BD008841AB /* Products */;
			projectDirPath = "";
			projectRoot = "";
			targets = (
				DE12AF27207F55BC008841AB /* drink */,
			);
		};
/* End PBXProject section */

/* Begin PBXResourcesBuildPhase section */
		DE12AF26207F55BC008841AB /* Resources */ = {
			isa = PBXResourcesBuildPhase;
			buildActionMask = 2147483647;
			files = (
				DE12AF36207F55BD008841AB /* LaunchScreen.storyboard in Resources */,
				DE12AF33207F55BD008841AB /* Assets.xcassets in Resources */,
				DE12AF31207F55BD008841AB /* Main.storyboard in Resources */,
			);
			runOnlyForDeploymentPostprocessing = 0;
		};
/* End PBXResourcesBuildPhase section */

/* Begin PBXShellScriptBuildPhase section */
		251A2A0512DA9FBF7C73B756 /* [CP] Copy Pods Resources */ = {
			isa = PBXShellScriptBuildPhase;
			buildActionMask = 2147483647;
			files = (
			);
			inputPaths = (
			);
			name = "[CP] Copy Pods Resources";
			outputPaths = (
			);
			runOnlyForDeploymentPostprocessing = 0;
			shellPath = /bin/sh;
			shellScript = "\"${SRCROOT}/Pods/Target Support Files/Pods-drink/Pods-drink-resources.sh\"\n";
			showEnvVarsInLog = 0;
		};
		A0135175A39A7D1B11EC423E /* [CP] Check Pods Manifest.lock */ = {
			isa = PBXShellScriptBuildPhase;
			buildActionMask = 2147483647;
			files = (
			);
			inputPaths = (
			);
			name = "[CP] Check Pods Manifest.lock";
			outputPaths = (
			);
			runOnlyForDeploymentPostprocessing = 0;
			shellPath = /bin/sh;
			shellScript = "diff \"${PODS_ROOT}/../Podfile.lock\" \"${PODS_ROOT}/Manifest.lock\" > /dev/null\nif [ $? != 0 ] ; then\n    # print error to STDERR\n    echo \"error: The sandbox is not in sync with the Podfile.lock. Run 'pod install' or update your CocoaPods installation.\" >&2\n    exit 1\nfi\n";
			showEnvVarsInLog = 0;
		};
		DA5BFD0E0E1A56C28BD084CF /* [CP] Embed Pods Frameworks */ = {
			isa = PBXShellScriptBuildPhase;
			buildActionMask = 2147483647;
			files = (
			);
			inputPaths = (
			);
			name = "[CP] Embed Pods Frameworks";
			outputPaths = (
			);
			runOnlyForDeploymentPostprocessing = 0;
			shellPath = /bin/sh;
			shellScript = "\"${SRCROOT}/Pods/Target Support Files/Pods-drink/Pods-drink-frameworks.sh\"\n";
			showEnvVarsInLog = 0;
		};
/* End PBXShellScriptBuildPhase section */

/* Begin PBXSourcesBuildPhase section */
		DE12AF24207F55BC008841AB /* Sources */ = {
			isa = PBXSourcesBuildPhase;
			buildActionMask = 2147483647;
			files = (
				DE12AF2E207F55BD008841AB /* ViewController.swift in Sources */,
				DE12AF3E207F577F008841AB /* Extensions.swift in Sources */,
				DE12AF44207F5EAE008841AB /* drink.xcdatamodeld in Sources */,
				DE12AF2C207F55BD008841AB /* AppDelegate.swift in Sources */,
			);
			runOnlyForDeploymentPostprocessing = 0;
		};
/* End PBXSourcesBuildPhase section */

/* Begin PBXVariantGroup section */
		DE12AF2F207F55BD008841AB /* Main.storyboard */ = {
			isa = PBXVariantGroup;
			children = (
				DE12AF30207F55BD008841AB /* Base */,
			);
			name = Main.storyboard;
			sourceTree = "<group>";
		};
		DE12AF34207F55BD008841AB /* LaunchScreen.storyboard */ = {
			isa = PBXVariantGroup;
			children = (
				DE12AF35207F55BD008841AB /* Base */,
			);
			name = LaunchScreen.storyboard;
			sourceTree = "<group>";
		};
/* End PBXVariantGroup section */

/* Begin XCBuildConfiguration section */
		DE12AF38207F55BD008841AB /* Debug */ = {
			isa = XCBuildConfiguration;
			buildSettings = {
				ALWAYS_SEARCH_USER_PATHS = NO;
				CLANG_ANALYZER_NONNULL = YES;
				CLANG_CXX_LANGUAGE_STANDARD = "gnu++0x";
				CLANG_CXX_LIBRARY = "libc++";
				CLANG_ENABLE_MODULES = YES;
				CLANG_ENABLE_OBJC_ARC = YES;
				CLANG_WARN_BOOL_CONVERSION = YES;
				CLANG_WARN_CONSTANT_CONVERSION = YES;
				CLANG_WARN_DIRECT_OBJC_ISA_USAGE = YES_ERROR;
				CLANG_WARN_DOCUMENTATION_COMMENTS = YES;
				CLANG_WARN_EMPTY_BODY = YES;
				CLANG_WARN_ENUM_CONVERSION = YES;
				CLANG_WARN_INFINITE_RECURSION = YES;
				CLANG_WARN_INT_CONVERSION = YES;
				CLANG_WARN_OBJC_ROOT_CLASS = YES_ERROR;
				CLANG_WARN_SUSPICIOUS_MOVES = YES;
				CLANG_WARN_UNREACHABLE_CODE = YES;
				CLANG_WARN__DUPLICATE_METHOD_MATCH = YES;
				"CODE_SIGN_IDENTITY[sdk=iphoneos*]" = "iPhone Developer";
				COPY_PHASE_STRIP = NO;
				DEBUG_INFORMATION_FORMAT = dwarf;
				ENABLE_STRICT_OBJC_MSGSEND = YES;
				ENABLE_TESTABILITY = YES;
				GCC_C_LANGUAGE_STANDARD = gnu99;
				GCC_DYNAMIC_NO_PIC = NO;
				GCC_NO_COMMON_BLOCKS = YES;
				GCC_OPTIMIZATION_LEVEL = 0;
				GCC_PREPROCESSOR_DEFINITIONS = (
					"DEBUG=1",
					"$(inherited)",
				);
				GCC_WARN_64_TO_32_BIT_CONVERSION = YES;
				GCC_WARN_ABOUT_RETURN_TYPE = YES_ERROR;
				GCC_WARN_UNDECLARED_SELECTOR = YES;
				GCC_WARN_UNINITIALIZED_AUTOS = YES_AGGRESSIVE;
				GCC_WARN_UNUSED_FUNCTION = YES;
				GCC_WARN_UNUSED_VARIABLE = YES;
				IPHONEOS_DEPLOYMENT_TARGET = 10.1;
				MTL_ENABLE_DEBUG_INFO = YES;
				ONLY_ACTIVE_ARCH = YES;
				SDKROOT = iphoneos;
				SWIFT_ACTIVE_COMPILATION_CONDITIONS = DEBUG;
				SWIFT_OPTIMIZATION_LEVEL = "-Onone";
				TARGETED_DEVICE_FAMILY = "1,2";
			};
			name = Debug;
		};
		DE12AF39207F55BD008841AB /* Release */ = {
			isa = XCBuildConfiguration;
			buildSettings = {
				ALWAYS_SEARCH_USER_PATHS = NO;
				CLANG_ANALYZER_NONNULL = YES;
				CLANG_CXX_LANGUAGE_STANDARD = "gnu++0x";
				CLANG_CXX_LIBRARY = "libc++";
				CLANG_ENABLE_MODULES = YES;
				CLANG_ENABLE_OBJC_ARC = YES;
				CLANG_WARN_BOOL_CONVERSION = YES;
				CLANG_WARN_CONSTANT_CONVERSION = YES;
				CLANG_WARN_DIRECT_OBJC_ISA_USAGE = YES_ERROR;
				CLANG_WARN_DOCUMENTATION_COMMENTS = YES;
				CLANG_WARN_EMPTY_BODY = YES;
				CLANG_WARN_ENUM_CONVERSION = YES;
				CLANG_WARN_INFINITE_RECURSION = YES;
				CLANG_WARN_INT_CONVERSION = YES;
				CLANG_WARN_OBJC_ROOT_CLASS = YES_ERROR;
				CLANG_WARN_SUSPICIOUS_MOVES = YES;
				CLANG_WARN_UNREACHABLE_CODE = YES;
				CLANG_WARN__DUPLICATE_METHOD_MATCH = YES;
				"CODE_SIGN_IDENTITY[sdk=iphoneos*]" = "iPhone Developer";
				COPY_PHASE_STRIP = NO;
				DEBUG_INFORMATION_FORMAT = "dwarf-with-dsym";
				ENABLE_NS_ASSERTIONS = NO;
				ENABLE_STRICT_OBJC_MSGSEND = YES;
				GCC_C_LANGUAGE_STANDARD = gnu99;
				GCC_NO_COMMON_BLOCKS = YES;
				GCC_WARN_64_TO_32_BIT_CONVERSION = YES;
				GCC_WARN_ABOUT_RETURN_TYPE = YES_ERROR;
				GCC_WARN_UNDECLARED_SELECTOR = YES;
				GCC_WARN_UNINITIALIZED_AUTOS = YES_AGGRESSIVE;
				GCC_WARN_UNUSED_FUNCTION = YES;
				GCC_WARN_UNUSED_VARIABLE = YES;
				IPHONEOS_DEPLOYMENT_TARGET = 10.1;
				MTL_ENABLE_DEBUG_INFO = NO;
				SDKROOT = iphoneos;
				SWIFT_OPTIMIZATION_LEVEL = "-Owholemodule";
				TARGETED_DEVICE_FAMILY = "1,2";
				VALIDATE_PRODUCT = YES;
			};
			name = Release;
		};
		DE12AF3B207F55BD008841AB /* Debug */ = {
			isa = XCBuildConfiguration;
			baseConfigurationReference = 81A545965E9487EA23AA9B8D /* Pods-drink.debug.xcconfig */;
			buildSettings = {
				ASSETCATALOG_COMPILER_APPICON_NAME = AppIcon;
				DEVELOPMENT_TEAM = 7JXNRRJB37;
				INFOPLIST_FILE = drink/Info.plist;
				LD_RUNPATH_SEARCH_PATHS = "$(inherited) @executable_path/Frameworks";
				PRODUCT_BUNDLE_IDENTIFIER = YunwenWang.drink;
				PRODUCT_NAME = "$(TARGET_NAME)";
				SWIFT_VERSION = 3.0;
			};
			name = Debug;
		};
		DE12AF3C207F55BD008841AB /* Release */ = {
			isa = XCBuildConfiguration;
			baseConfigurationReference = ECE2F36F2702447C850BF405 /* Pods-drink.release.xcconfig */;
			buildSettings = {
				ASSETCATALOG_COMPILER_APPICON_NAME = AppIcon;
				DEVELOPMENT_TEAM = 7JXNRRJB37;
				INFOPLIST_FILE = drink/Info.plist;
				LD_RUNPATH_SEARCH_PATHS = "$(inherited) @executable_path/Frameworks";
				PRODUCT_BUNDLE_IDENTIFIER = YunwenWang.drink;
				PRODUCT_NAME = "$(TARGET_NAME)";
				SWIFT_VERSION = 3.0;
			};
			name = Release;
		};
/* End XCBuildConfiguration section */

/* Begin XCConfigurationList section */
		DE12AF23207F55BC008841AB /* Build configuration list for PBXProject "drink" */ = {
			isa = XCConfigurationList;
			buildConfigurations = (
				DE12AF38207F55BD008841AB /* Debug */,
				DE12AF39207F55BD008841AB /* Release */,
			);
			defaultConfigurationIsVisible = 0;
			defaultConfigurationName = Release;
		};
		DE12AF3A207F55BD008841AB /* Build configuration list for PBXNativeTarget "drink" */ = {
			isa = XCConfigurationList;
			buildConfigurations = (
				DE12AF3B207F55BD008841AB /* Debug */,
				DE12AF3C207F55BD008841AB /* Release */,
			);
			defaultConfigurationIsVisible = 0;
			defaultConfigurationName = Release;
		};
/* End XCConfigurationList section */

/* Begin XCVersionGroup section */
		DE12AF42207F5EAE008841AB /* drink.xcdatamodeld */ = {
			isa = XCVersionGroup;
			children = (
				DE12AF43207F5EAE008841AB /* drink.xcdatamodel */,
			);
			currentVersion = DE12AF43207F5EAE008841AB /* drink.xcdatamodel */;
			path = drink.xcdatamodeld;
			sourceTree = "<group>";
			versionGroupType = wrapper.xcdatamodel;
		};
/* End XCVersionGroup section */
	};
	rootObject = DE12AF20207F55BC008841AB /* Project object */;
}
